// !$*UTF8*$!
{
	archiveVersion = 1;
	classes = {
	};
	objectVersion = 46;
	objects = {

/* Begin PBXBuildFile section */
		2F27FA281F1897AE00359321 /* DYYSqliteToolTests.m in Sources */ = {isa = PBXBuildFile; fileRef = 2F27FA271F1897AE00359321 /* DYYSqliteToolTests.m */; };
		2F27FA301F1897DF00359321 /* DYYSqliteToolTest.m in Sources */ = {isa = PBXBuildFile; fileRef = 2F27FA2F1F1897DF00359321 /* DYYSqliteToolTest.m */; };
		2F27FA331F18A4E400359321 /* libsqlite3.0.tbd in Frameworks */ = {isa = PBXBuildFile; fileRef = 2F27FA321F18A4E400359321 /* libsqlite3.0.tbd */; };
		2F27FA351F18A4FC00359321 /* libsqlite3.tbd in Frameworks */ = {isa = PBXBuildFile; fileRef = 2F27FA341F18A4FC00359321 /* libsqlite3.tbd */; };
		2F27FA361F18A52B00359321 /* libsqlite3.0.tbd in Frameworks */ = {isa = PBXBuildFile; fileRef = 2F27FA321F18A4E400359321 /* libsqlite3.0.tbd */; };
		2F27FA391F18D41100359321 /* DYYSqliteModelTool.m in Sources */ = {isa = PBXBuildFile; fileRef = 2F27FA381F18D41100359321 /* DYYSqliteModelTool.m */; };
		2F27FA3C1F18D52C00359321 /* DYYModelTool.m in Sources */ = {isa = PBXBuildFile; fileRef = 2F27FA3B1F18D52C00359321 /* DYYModelTool.m */; };
		2F2E6DFC1F1C562100EAB752 /* stuModel.m in Sources */ = {isa = PBXBuildFile; fileRef = 2F2E6DFB1F1C562100EAB752 /* stuModel.m */; };
		2F659EDC1F176A3900B4FCE2 /* main.m in Sources */ = {isa = PBXBuildFile; fileRef = 2F659EDB1F176A3900B4FCE2 /* main.m */; };
		2F659EDF1F176A3900B4FCE2 /* AppDelegate.m in Sources */ = {isa = PBXBuildFile; fileRef = 2F659EDE1F176A3900B4FCE2 /* AppDelegate.m */; };
		2F659EE21F176A3900B4FCE2 /* ViewController.m in Sources */ = {isa = PBXBuildFile; fileRef = 2F659EE11F176A3900B4FCE2 /* ViewController.m */; };
		2F659EE51F176A3900B4FCE2 /* Main.storyboard in Resources */ = {isa = PBXBuildFile; fileRef = 2F659EE31F176A3900B4FCE2 /* Main.storyboard */; };
		2F659EE71F176A3900B4FCE2 /* Assets.xcassets in Resources */ = {isa = PBXBuildFile; fileRef = 2F659EE61F176A3900B4FCE2 /* Assets.xcassets */; };
		2F659EEA1F176A3900B4FCE2 /* LaunchScreen.storyboard in Resources */ = {isa = PBXBuildFile; fileRef = 2F659EE81F176A3900B4FCE2 /* LaunchScreen.storyboard */; };
		2F659EF51F176A3900B4FCE2 /* DYYSqliteToolUITests.m in Sources */ = {isa = PBXBuildFile; fileRef = 2F659EF41F176A3900B4FCE2 /* DYYSqliteToolUITests.m */; };
		2F659F021F176ACE00B4FCE2 /* DYYSqliteTool.m in Sources */ = {isa = PBXBuildFile; fileRef = 2F659F011F176ACE00B4FCE2 /* DYYSqliteTool.m */; };
/* End PBXBuildFile section */

/* Begin PBXContainerItemProxy section */
		2F27FA2A1F1897AE00359321 /* PBXContainerItemProxy */ = {
			isa = PBXContainerItemProxy;
			containerPortal = 2F659ECF1F176A3900B4FCE2 /* Project object */;
			proxyType = 1;
			remoteGlobalIDString = 2F659ED61F176A3900B4FCE2;
			remoteInfo = DYYSqliteTool;
		};
		2F659EF11F176A3900B4FCE2 /* PBXContainerItemProxy */ = {
			isa = PBXContainerItemProxy;
			containerPortal = 2F659ECF1F176A3900B4FCE2 /* Project object */;
			proxyType = 1;
			remoteGlobalIDString = 2F659ED61F176A3900B4FCE2;
			remoteInfo = DYYSqliteTool;
		};
/* End PBXContainerItemProxy section */

/* Begin PBXFileReference section */
		2F27FA251F1897AE00359321 /* DYYSqliteToolTests.xctest */ = {isa = PBXFileReference; explicitFileType = wrapper.cfbundle; includeInIndex = 0; path = DYYSqliteToolTests.xctest; sourceTree = BUILT_PRODUCTS_DIR; };
		2F27FA271F1897AE00359321 /* DYYSqliteToolTests.m */ = {isa = PBXFileReference; lastKnownFileType = sourcecode.c.objc; path = DYYSqliteToolTests.m; sourceTree = "<group>"; };
		2F27FA291F1897AE00359321 /* Info.plist */ = {isa = PBXFileReference; lastKnownFileType = text.plist.xml; path = Info.plist; sourceTree = "<group>"; };
		2F27FA2F1F1897DF00359321 /* DYYSqliteToolTest.m */ = {isa = PBXFileReference; fileEncoding = 4; lastKnownFileType = sourcecode.c.objc; path = DYYSqliteToolTest.m; sourceTree = "<group>"; };
		2F27FA321F18A4E400359321 /* libsqlite3.0.tbd */ = {isa = PBXFileReference; lastKnownFileType = "sourcecode.text-based-dylib-definition"; name = libsqlite3.0.tbd; path = usr/lib/libsqlite3.0.tbd; sourceTree = SDKROOT; };
		2F27FA341F18A4FC00359321 /* libsqlite3.tbd */ = {isa = PBXFileReference; lastKnownFileType = "sourcecode.text-based-dylib-definition"; name = libsqlite3.tbd; path = usr/lib/libsqlite3.tbd; sourceTree = SDKROOT; };
		2F27FA371F18D41100359321 /* DYYSqliteModelTool.h */ = {isa = PBXFileReference; fileEncoding = 4; lastKnownFileType = sourcecode.c.h; path = DYYSqliteModelTool.h; sourceTree = "<group>"; };
		2F27FA381F18D41100359321 /* DYYSqliteModelTool.m */ = {isa = PBXFileReference; fileEncoding = 4; lastKnownFileType = sourcecode.c.objc; path = DYYSqliteModelTool.m; sourceTree = "<group>"; };
		2F27FA3A1F18D52C00359321 /* DYYModelTool.h */ = {isa = PBXFileReference; fileEncoding = 4; lastKnownFileType = sourcecode.c.h; path = DYYModelTool.h; sourceTree = "<group>"; };
		2F27FA3B1F18D52C00359321 /* DYYModelTool.m */ = {isa = PBXFileReference; fileEncoding = 4; lastKnownFileType = sourcecode.c.objc; path = DYYModelTool.m; sourceTree = "<group>"; };
		2F2E6DFA1F1C562100EAB752 /* stuModel.h */ = {isa = PBXFileReference; fileEncoding = 4; lastKnownFileType = sourcecode.c.h; path = stuModel.h; sourceTree = "<group>"; };
		2F2E6DFB1F1C562100EAB752 /* stuModel.m */ = {isa = PBXFileReference; fileEncoding = 4; lastKnownFileType = sourcecode.c.objc; path = stuModel.m; sourceTree = "<group>"; };
		2F2E6DFD1F1C5FED00EAB752 /* DYYModelProtocol.h */ = {isa = PBXFileReference; fileEncoding = 4; lastKnownFileType = sourcecode.c.h; path = DYYModelProtocol.h; sourceTree = "<group>"; };
		2F659ED71F176A3900B4FCE2 /* DYYSqliteTool.app */ = {isa = PBXFileReference; explicitFileType = wrapper.application; includeInIndex = 0; path = DYYSqliteTool.app; sourceTree = BUILT_PRODUCTS_DIR; };
		2F659EDB1F176A3900B4FCE2 /* main.m */ = {isa = PBXFileReference; lastKnownFileType = sourcecode.c.objc; path = main.m; sourceTree = "<group>"; };
		2F659EDD1F176A3900B4FCE2 /* AppDelegate.h */ = {isa = PBXFileReference; lastKnownFileType = sourcecode.c.h; path = AppDelegate.h; sourceTree = "<group>"; };
		2F659EDE1F176A3900B4FCE2 /* AppDelegate.m */ = {isa = PBXFileReference; lastKnownFileType = sourcecode.c.objc; path = AppDelegate.m; sourceTree = "<group>"; };
		2F659EE01F176A3900B4FCE2 /* ViewController.h */ = {isa = PBXFileReference; lastKnownFileType = sourcecode.c.h; path = ViewController.h; sourceTree = "<group>"; };
		2F659EE11F176A3900B4FCE2 /* ViewController.m */ = {isa = PBXFileReference; lastKnownFileType = sourcecode.c.objc; path = ViewController.m; sourceTree = "<group>"; };
		2F659EE41F176A3900B4FCE2 /* Base */ = {isa = PBXFileReference; lastKnownFileType = file.storyboard; name = Base; path = Base.lproj/Main.storyboard; sourceTree = "<group>"; };
		2F659EE61F176A3900B4FCE2 /* Assets.xcassets */ = {isa = PBXFileReference; lastKnownFileType = folder.assetcatalog; path = Assets.xcassets; sourceTree = "<group>"; };
		2F659EE91F176A3900B4FCE2 /* Base */ = {isa = PBXFileReference; lastKnownFileType = file.storyboard; name = Base; path = Base.lproj/LaunchScreen.storyboard; sourceTree = "<group>"; };
		2F659EEB1F176A3900B4FCE2 /* Info.plist */ = {isa = PBXFileReference; lastKnownFileType = text.plist.xml; path = Info.plist; sourceTree = "<group>"; };
		2F659EF01F176A3900B4FCE2 /* DYYSqliteToolUITests.xctest */ = {isa = PBXFileReference; explicitFileType = wrapper.cfbundle; includeInIndex = 0; path = DYYSqliteToolUITests.xctest; sourceTree = BUILT_PRODUCTS_DIR; };
		2F659EF41F176A3900B4FCE2 /* DYYSqliteToolUITests.m */ = {isa = PBXFileReference; lastKnownFileType = sourcecode.c.objc; path = DYYSqliteToolUITests.m; sourceTree = "<group>"; };
		2F659EF61F176A3900B4FCE2 /* Info.plist */ = {isa = PBXFileReference; lastKnownFileType = text.plist.xml; path = Info.plist; sourceTree = "<group>"; };
		2F659F001F176ACE00B4FCE2 /* DYYSqliteTool.h */ = {isa = PBXFileReference; fileEncoding = 4; lastKnownFileType = sourcecode.c.h; path = DYYSqliteTool.h; sourceTree = "<group>"; };
		2F659F011F176ACE00B4FCE2 /* DYYSqliteTool.m */ = {isa = PBXFileReference; fileEncoding = 4; lastKnownFileType = sourcecode.c.objc; path = DYYSqliteTool.m; sourceTree = "<group>"; };
/* End PBXFileReference section */

/* Begin PBXFrameworksBuildPhase section */
		2F27FA221F1897AE00359321 /* Frameworks */ = {
			isa = PBXFrameworksBuildPhase;
			buildActionMask = 2147483647;
			files = (
				2F27FA351F18A4FC00359321 /* libsqlite3.tbd in Frameworks */,
				2F27FA331F18A4E400359321 /* libsqlite3.0.tbd in Frameworks */,
			);
			runOnlyForDeploymentPostprocessing = 0;
		};
		2F659ED41F176A3900B4FCE2 /* Frameworks */ = {
			isa = PBXFrameworksBuildPhase;
			buildActionMask = 2147483647;
			files = (
				2F27FA361F18A52B00359321 /* libsqlite3.0.tbd in Frameworks */,
			);
			runOnlyForDeploymentPostprocessing = 0;
		};
		2F659EED1F176A3900B4FCE2 /* Frameworks */ = {
			isa = PBXFrameworksBuildPhase;
			buildActionMask = 2147483647;
			files = (
			);
			runOnlyForDeploymentPostprocessing = 0;
		};
/* End PBXFrameworksBuildPhase section */

/* Begin PBXGroup section */
		2F27FA261F1897AE00359321 /* DYYSqliteToolTests */ = {
			isa = PBXGroup;
			children = (
				2F27FA271F1897AE00359321 /* DYYSqliteToolTests.m */,
				2F27FA291F1897AE00359321 /* Info.plist */,
				2F27FA2F1F1897DF00359321 /* DYYSqliteToolTest.m */,
			);
			path = DYYSqliteToolTests;
			sourceTree = "<group>";
		};
		2F27FA311F18A4E300359321 /* Frameworks */ = {
			isa = PBXGroup;
			children = (
				2F27FA341F18A4FC00359321 /* libsqlite3.tbd */,
				2F27FA321F18A4E400359321 /* libsqlite3.0.tbd */,
			);
			name = Frameworks;
			sourceTree = "<group>";
		};
		2F659ECE1F176A3900B4FCE2 = {
			isa = PBXGroup;
			children = (
				2F659ED91F176A3900B4FCE2 /* DYYSqliteTool */,
				2F659EF31F176A3900B4FCE2 /* DYYSqliteToolUITests */,
				2F27FA261F1897AE00359321 /* DYYSqliteToolTests */,
				2F659ED81F176A3900B4FCE2 /* Products */,
				2F27FA311F18A4E300359321 /* Frameworks */,
			);
			sourceTree = "<group>";
		};
		2F659ED81F176A3900B4FCE2 /* Products */ = {
			isa = PBXGroup;
			children = (
				2F659ED71F176A3900B4FCE2 /* DYYSqliteTool.app */,
				2F659EF01F176A3900B4FCE2 /* DYYSqliteToolUITests.xctest */,
				2F27FA251F1897AE00359321 /* DYYSqliteToolTests.xctest */,
			);
			name = Products;
			sourceTree = "<group>";
		};
		2F659ED91F176A3900B4FCE2 /* DYYSqliteTool */ = {
			isa = PBXGroup;
			children = (
				2F659EFF1F176AB500B4FCE2 /* DYYSqliteTool */,
				2F659EDD1F176A3900B4FCE2 /* AppDelegate.h */,
				2F659EDE1F176A3900B4FCE2 /* AppDelegate.m */,
				2F659EE01F176A3900B4FCE2 /* ViewController.h */,
				2F659EE11F176A3900B4FCE2 /* ViewController.m */,
				2F659EE31F176A3900B4FCE2 /* Main.storyboard */,
				2F659EE61F176A3900B4FCE2 /* Assets.xcassets */,
				2F659EE81F176A3900B4FCE2 /* LaunchScreen.storyboard */,
				2F659EEB1F176A3900B4FCE2 /* Info.plist */,
				2F659EDA1F176A3900B4FCE2 /* Supporting Files */,
				2F2E6DFA1F1C562100EAB752 /* stuModel.h */,
				2F2E6DFB1F1C562100EAB752 /* stuModel.m */,
			);
			path = DYYSqliteTool;
			sourceTree = "<group>";
		};
		2F659EDA1F176A3900B4FCE2 /* Supporting Files */ = {
			isa = PBXGroup;
			children = (
				2F659EDB1F176A3900B4FCE2 /* main.m */,
			);
			name = "Supporting Files";
			sourceTree = "<group>";
		};
		2F659EF31F176A3900B4FCE2 /* DYYSqliteToolUITests */ = {
			isa = PBXGroup;
			children = (
				2F659EF41F176A3900B4FCE2 /* DYYSqliteToolUITests.m */,
				2F659EF61F176A3900B4FCE2 /* Info.plist */,
			);
			path = DYYSqliteToolUITests;
			sourceTree = "<group>";
		};
		2F659EFF1F176AB500B4FCE2 /* DYYSqliteTool */ = {
			isa = PBXGroup;
			children = (
				2F659F001F176ACE00B4FCE2 /* DYYSqliteTool.h */,
				2F659F011F176ACE00B4FCE2 /* DYYSqliteTool.m */,
				2F27FA371F18D41100359321 /* DYYSqliteModelTool.h */,
				2F27FA381F18D41100359321 /* DYYSqliteModelTool.m */,
				2F27FA3A1F18D52C00359321 /* DYYModelTool.h */,
				2F27FA3B1F18D52C00359321 /* DYYModelTool.m */,
				2F2E6DFD1F1C5FED00EAB752 /* DYYModelProtocol.h */,
			);
			path = DYYSqliteTool;
			sourceTree = "<group>";
		};
/* End PBXGroup section */

/* Begin PBXNativeTarget section */
		2F27FA241F1897AE00359321 /* DYYSqliteToolTests */ = {
			isa = PBXNativeTarget;
			buildConfigurationList = 2F27FA2E1F1897AE00359321 /* Build configuration list for PBXNativeTarget "DYYSqliteToolTests" */;
			buildPhases = (
				2F27FA211F1897AE00359321 /* Sources */,
				2F27FA221F1897AE00359321 /* Frameworks */,
				2F27FA231F1897AE00359321 /* Resources */,
			);
			buildRules = (
			);
			dependencies = (
				2F27FA2B1F1897AE00359321 /* PBXTargetDependency */,
			);
			name = DYYSqliteToolTests;
			productName = DYYSqliteToolTests;
			productReference = 2F27FA251F1897AE00359321 /* DYYSqliteToolTests.xctest */;
			productType = "com.apple.product-type.bundle.unit-test";
		};
		2F659ED61F176A3900B4FCE2 /* DYYSqliteTool */ = {
			isa = PBXNativeTarget;
			buildConfigurationList = 2F659EF91F176A3900B4FCE2 /* Build configuration list for PBXNativeTarget "DYYSqliteTool" */;
			buildPhases = (
				2F659ED31F176A3900B4FCE2 /* Sources */,
				2F659ED41F176A3900B4FCE2 /* Frameworks */,
				2F659ED51F176A3900B4FCE2 /* Resources */,
			);
			buildRules = (
			);
			dependencies = (
			);
			name = DYYSqliteTool;
			productName = DYYSqliteTool;
			productReference = 2F659ED71F176A3900B4FCE2 /* DYYSqliteTool.app */;
			productType = "com.apple.product-type.application";
		};
		2F659EEF1F176A3900B4FCE2 /* DYYSqliteToolUITests */ = {
			isa = PBXNativeTarget;
			buildConfigurationList = 2F659EFC1F176A3900B4FCE2 /* Build configuration list for PBXNativeTarget "DYYSqliteToolUITests" */;
			buildPhases = (
				2F659EEC1F176A3900B4FCE2 /* Sources */,
				2F659EED1F176A3900B4FCE2 /* Frameworks */,
				2F659EEE1F176A3900B4FCE2 /* Resources */,
			);
			buildRules = (
			);
			dependencies = (
				2F659EF21F176A3900B4FCE2 /* PBXTargetDependency */,
			);
			name = DYYSqliteToolUITests;
			productName = DYYSqliteToolUITests;
			productReference = 2F659EF01F176A3900B4FCE2 /* DYYSqliteToolUITests.xctest */;
			productType = "com.apple.product-type.bundle.ui-testing";
		};
/* End PBXNativeTarget section */

/* Begin PBXProject section */
		2F659ECF1F176A3900B4FCE2 /* Project object */ = {
			isa = PBXProject;
			attributes = {
				LastUpgradeCheck = 0830;
				ORGANIZATIONNAME = dingyangyang;
				TargetAttributes = {
					2F27FA241F1897AE00359321 = {
						CreatedOnToolsVersion = 8.3.1;
						DevelopmentTeam = 7GGDE944PX;
						ProvisioningStyle = Automatic;
						TestTargetID = 2F659ED61F176A3900B4FCE2;
					};
					2F659ED61F176A3900B4FCE2 = {
						CreatedOnToolsVersion = 8.3.1;
						DevelopmentTeam = 7GGDE944PX;
						ProvisioningStyle = Automatic;
					};
					2F659EEF1F176A3900B4FCE2 = {
						CreatedOnToolsVersion = 8.3.1;
						DevelopmentTeam = 7GGDE944PX;
						ProvisioningStyle = Automatic;
						TestTargetID = 2F659ED61F176A3900B4FCE2;
					};
				};
			};
			buildConfigurationList = 2F659ED21F176A3900B4FCE2 /* Build configuration list for PBXProject "DYYSqliteTool" */;
			compatibilityVersion = "Xcode 3.2";
			developmentRegion = English;
			hasScannedForEncodings = 0;
			knownRegions = (
				en,
				Base,
			);
			mainGroup = 2F659ECE1F176A3900B4FCE2;
			productRefGroup = 2F659ED81F176A3900B4FCE2 /* Products */;
			projectDirPath = "";
			projectRoot = "";
			targets = (
				2F659ED61F176A3900B4FCE2 /* DYYSqliteTool */,
				2F659EEF1F176A3900B4FCE2 /* DYYSqliteToolUITests */,
				2F27FA241F1897AE00359321 /* DYYSqliteToolTests */,
			);
		};
/* End PBXProject section */

/* Begin PBXResourcesBuildPhase section */
		2F27FA231F1897AE00359321 /* Resources */ = {
			isa = PBXResourcesBuildPhase;
			buildActionMask = 2147483647;
			files = (
			);
			runOnlyForDeploymentPostprocessing = 0;
		};
		2F659ED51F176A3900B4FCE2 /* Resources */ = {
			isa = PBXResourcesBuildPhase;
			buildActionMask = 2147483647;
			files = (
				2F659EEA1F176A3900B4FCE2 /* LaunchScreen.storyboard in Resources */,
				2F659EE71F176A3900B4FCE2 /* Assets.xcassets in Resources */,
				2F659EE51F176A3900B4FCE2 /* Main.storyboard in Resources */,
			);
			runOnlyForDeploymentPostprocessing = 0;
		};
		2F659EEE1F176A3900B4FCE2 /* Resources */ = {
			isa = PBXResourcesBuildPhase;
			buildActionMask = 2147483647;
			files = (
			);
			runOnlyForDeploymentPostprocessing = 0;
		};
/* End PBXResourcesBuildPhase section */

/* Begin PBXSourcesBuildPhase section */
		2F27FA211F1897AE00359321 /* Sources */ = {
			isa = PBXSourcesBuildPhase;
			buildActionMask = 2147483647;
			files = (
				2F27FA301F1897DF00359321 /* DYYSqliteToolTest.m in Sources */,
				2F27FA281F1897AE00359321 /* DYYSqliteToolTests.m in Sources */,
			);
			runOnlyForDeploymentPostprocessing = 0;
		};
		2F659ED31F176A3900B4FCE2 /* Sources */ = {
			isa = PBXSourcesBuildPhase;
			buildActionMask = 2147483647;
			files = (
				2F659F021F176ACE00B4FCE2 /* DYYSqliteTool.m in Sources */,
				2F2E6DFC1F1C562100EAB752 /* stuModel.m in Sources */,
				2F27FA391F18D41100359321 /* DYYSqliteModelTool.m in Sources */,
				2F27FA3C1F18D52C00359321 /* DYYModelTool.m in Sources */,
				2F659EE21F176A3900B4FCE2 /* ViewController.m in Sources */,
				2F659EDF1F176A3900B4FCE2 /* AppDelegate.m in Sources */,
				2F659EDC1F176A3900B4FCE2 /* main.m in Sources */,
			);
			runOnlyForDeploymentPostprocessing = 0;
		};
		2F659EEC1F176A3900B4FCE2 /* Sources */ = {
			isa = PBXSourcesBuildPhase;
			buildActionMask = 2147483647;
			files = (
				2F659EF51F176A3900B4FCE2 /* DYYSqliteToolUITests.m in Sources */,
			);
			runOnlyForDeploymentPostprocessing = 0;
		};
/* End PBXSourcesBuildPhase section */

/* Begin PBXTargetDependency section */
		2F27FA2B1F1897AE00359321 /* PBXTargetDependency */ = {
			isa = PBXTargetDependency;
			target = 2F659ED61F176A3900B4FCE2 /* DYYSqliteTool */;
			targetProxy = 2F27FA2A1F1897AE00359321 /* PBXContainerItemProxy */;
		};
		2F659EF21F176A3900B4FCE2 /* PBXTargetDependency */ = {
			isa = PBXTargetDependency;
			target = 2F659ED61F176A3900B4FCE2 /* DYYSqliteTool */;
			targetProxy = 2F659EF11F176A3900B4FCE2 /* PBXContainerItemProxy */;
		};
/* End PBXTargetDependency section */

/* Begin PBXVariantGroup section */
		2F659EE31F176A3900B4FCE2 /* Main.storyboard */ = {
			isa = PBXVariantGroup;
			children = (
				2F659EE41F176A3900B4FCE2 /* Base */,
			);
			name = Main.storyboard;
			sourceTree = "<group>";
		};
		2F659EE81F176A3900B4FCE2 /* LaunchScreen.storyboard */ = {
			isa = PBXVariantGroup;
			children = (
				2F659EE91F176A3900B4FCE2 /* Base */,
			);
			name = LaunchScreen.storyboard;
			sourceTree = "<group>";
		};
/* End PBXVariantGroup section */

/* Begin XCBuildConfiguration section */
		2F27FA2C1F1897AE00359321 /* Debug */ = {
			isa = XCBuildConfiguration;
			buildSettings = {
				BUNDLE_LOADER = "$(TEST_HOST)";
				DEVELOPMENT_TEAM = 7GGDE944PX;
				INFOPLIST_FILE = DYYSqliteToolTests/Info.plist;
				LD_RUNPATH_SEARCH_PATHS = "$(inherited) @executable_path/Frameworks @loader_path/Frameworks";
				PRODUCT_BUNDLE_IDENTIFIER = dingyangyang.DYYSqliteToolTests;
				PRODUCT_NAME = "$(TARGET_NAME)";
				TEST_HOST = "$(BUILT_PRODUCTS_DIR)/DYYSqliteTool.app/DYYSqliteTool";
			};
			name = Debug;
		};
		2F27FA2D1F1897AE00359321 /* Release */ = {
			isa = XCBuildConfiguration;
			buildSettings = {
				BUNDLE_LOADER = "$(TEST_HOST)";
				DEVELOPMENT_TEAM = 7GGDE944PX;
				INFOPLIST_FILE = DYYSqliteToolTests/Info.plist;
				LD_RUNPATH_SEARCH_PATHS = "$(inherited) @executable_path/Frameworks @loader_path/Frameworks";
				PRODUCT_BUNDLE_IDENTIFIER = dingyangyang.DYYSqliteToolTests;
				PRODUCT_NAME = "$(TARGET_NAME)";
				TEST_HOST = "$(BUILT_PRODUCTS_DIR)/DYYSqliteTool.app/DYYSqliteTool";
			};
			name = Release;
		};
		2F659EF71F176A3900B4FCE2 /* Debug */ = {
			isa = XCBuildConfiguration;
			buildSettings = {
				ALWAYS_SEARCH_USER_PATHS = NO;
				CLANG_ANALYZER_NONNULL = YES;
				CLANG_ANALYZER_NUMBER_OBJECT_CONVERSION = YES_AGGRESSIVE;
				CLANG_CXX_LANGUAGE_STANDARD = "gnu++0x";
				CLANG_CXX_LIBRARY = "libc++";
				CLANG_ENABLE_MODULES = YES;
				CLANG_ENABLE_OBJC_ARC = YES;
				CLANG_WARN_BOOL_CONVERSION = YES;
				CLANG_WARN_CONSTANT_CONVERSION = YES;
				CLANG_WARN_DIRECT_OBJC_ISA_USAGE = YES_ERROR;
				CLANG_WARN_DOCUMENTATION_COMMENTS = YES;
				CLANG_WARN_EMPTY_BODY = YES;
				CLANG_WARN_ENUM_CONVERSION = YES;
				CLANG_WARN_INFINITE_RECURSION = YES;
				CLANG_WARN_INT_CONVERSION = YES;
				CLANG_WARN_OBJC_ROOT_CLASS = YES_ERROR;
				CLANG_WARN_SUSPICIOUS_MOVE = YES;
				CLANG_WARN_UNREACHABLE_CODE = YES;
				CLANG_WARN__DUPLICATE_METHOD_MATCH = YES;
				"CODE_SIGN_IDENTITY[sdk=iphoneos*]" = "iPhone Developer";
				COPY_PHASE_STRIP = NO;
				DEBUG_INFORMATION_FORMAT = dwarf;
				ENABLE_STRICT_OBJC_MSGSEND = YES;
				ENABLE_TESTABILITY = YES;
				GCC_C_LANGUAGE_STANDARD = gnu99;
				GCC_DYNAMIC_NO_PIC = NO;
				GCC_NO_COMMON_BLOCKS = YES;
				GCC_OPTIMIZATION_LEVEL = 0;
				GCC_PREPROCESSOR_DEFINITIONS = (
					"DEBUG=1",
					"$(inherited)",
				);
				GCC_WARN_64_TO_32_BIT_CONVERSION = YES;
				GCC_WARN_ABOUT_RETURN_TYPE = YES_ERROR;
				GCC_WARN_UNDECLARED_SELECTOR = YES;
				GCC_WARN_UNINITIALIZED_AUTOS = YES_AGGRESSIVE;
				GCC_WARN_UNUSED_FUNCTION = YES;
				GCC_WARN_UNUSED_VARIABLE = YES;
				IPHONEOS_DEPLOYMENT_TARGET = 10.3;
				MTL_ENABLE_DEBUG_INFO = YES;
				ONLY_ACTIVE_ARCH = YES;
				SDKROOT = iphoneos;
			};
			name = Debug;
		};
		2F659EF81F176A3900B4FCE2 /* Release */ = {
			isa = XCBuildConfiguration;
			buildSettings = {
				ALWAYS_SEARCH_USER_PATHS = NO;
				CLANG_ANALYZER_NONNULL = YES;
				CLANG_ANALYZER_NUMBER_OBJECT_CONVERSION = YES_AGGRESSIVE;
				CLANG_CXX_LANGUAGE_STANDARD = "gnu++0x";
				CLANG_CXX_LIBRARY = "libc++";
				CLANG_ENABLE_MODULES = YES;
				CLANG_ENABLE_OBJC_ARC = YES;
				CLANG_WARN_BOOL_CONVERSION = YES;
				CLANG_WARN_CONSTANT_CONVERSION = YES;
				CLANG_WARN_DIRECT_OBJC_ISA_USAGE = YES_ERROR;
				CLANG_WARN_DOCUMENTATION_COMMENTS = YES;
				CLANG_WARN_EMPTY_BODY = YES;
				CLANG_WARN_ENUM_CONVERSION = YES;
				CLANG_WARN_INFINITE_RECURSION = YES;
				CLANG_WARN_INT_CONVERSION = YES;
				CLANG_WARN_OBJC_ROOT_CLASS = YES_ERROR;
				CLANG_WARN_SUSPICIOUS_MOVE = YES;
				CLANG_WARN_UNREACHABLE_CODE = YES;
				CLANG_WARN__DUPLICATE_METHOD_MATCH = YES;
				"CODE_SIGN_IDENTITY[sdk=iphoneos*]" = "iPhone Developer";
				COPY_PHASE_STRIP = NO;
				DEBUG_INFORMATION_FORMAT = "dwarf-with-dsym";
				ENABLE_NS_ASSERTIONS = NO;
				ENABLE_STRICT_OBJC_MSGSEND = YES;
				GCC_C_LANGUAGE_STANDARD = gnu99;
				GCC_NO_COMMON_BLOCKS = YES;
				GCC_WARN_64_TO_32_BIT_CONVERSION = YES;
				GCC_WARN_ABOUT_RETURN_TYPE = YES_ERROR;
				GCC_WARN_UNDECLARED_SELECTOR = YES;
				GCC_WARN_UNINITIALIZED_AUTOS = YES_AGGRESSIVE;
				GCC_WARN_UNUSED_FUNCTION = YES;
				GCC_WARN_UNUSED_VARIABLE = YES;
				IPHONEOS_DEPLOYMENT_TARGET = 10.3;
				MTL_ENABLE_DEBUG_INFO = NO;
				SDKROOT = iphoneos;
				VALIDATE_PRODUCT = YES;
			};
			name = Release;
		};
		2F659EFA1F176A3900B4FCE2 /* Debug */ = {
			isa = XCBuildConfiguration;
			buildSettings = {
				ASSETCATALOG_COMPILER_APPICON_NAME = AppIcon;
				DEVELOPMENT_TEAM = 7GGDE944PX;
				INFOPLIST_FILE = DYYSqliteTool/Info.plist;
				LD_RUNPATH_SEARCH_PATHS = "$(inherited) @executable_path/Frameworks";
				PRODUCT_BUNDLE_IDENTIFIER = dingyangyang.DYYSqliteTool;
				PRODUCT_NAME = "$(TARGET_NAME)";
			};
			name = Debug;
		};
		2F659EFB1F176A3900B4FCE2 /* Release */ = {
			isa = XCBuildConfiguration;
			buildSettings = {
				ASSETCATALOG_COMPILER_APPICON_NAME = AppIcon;
				DEVELOPMENT_TEAM = 7GGDE944PX;
				INFOPLIST_FILE = DYYSqliteTool/Info.plist;
				LD_RUNPATH_SEARCH_PATHS = "$(inherited) @executable_path/Frameworks";
				PRODUCT_BUNDLE_IDENTIFIER = dingyangyang.DYYSqliteTool;
				PRODUCT_NAME = "$(TARGET_NAME)";
			};
			name = Release;
		};
		2F659EFD1F176A3900B4FCE2 /* Debug */ = {
			isa = XCBuildConfiguration;
			buildSettings = {
				DEVELOPMENT_TEAM = 7GGDE944PX;
				INFOPLIST_FILE = DYYSqliteToolUITests/Info.plist;
				LD_RUNPATH_SEARCH_PATHS = "$(inherited) @executable_path/Frameworks @loader_path/Frameworks";
				PRODUCT_BUNDLE_IDENTIFIER = dingyangyang.DYYSqliteToolUITests;
				PRODUCT_NAME = "$(TARGET_NAME)";
				TEST_TARGET_NAME = DYYSqliteTool;
			};
			name = Debug;
		};
		2F659EFE1F176A3900B4FCE2 /* Release */ = {
			isa = XCBuildConfiguration;
			buildSettings = {
				DEVELOPMENT_TEAM = 7GGDE944PX;
				INFOPLIST_FILE = DYYSqliteToolUITests/Info.plist;
				LD_RUNPATH_SEARCH_PATHS = "$(inherited) @executable_path/Frameworks @loader_path/Frameworks";
				PRODUCT_BUNDLE_IDENTIFIER = dingyangyang.DYYSqliteToolUITests;
				PRODUCT_NAME = "$(TARGET_NAME)";
				TEST_TARGET_NAME = DYYSqliteTool;
			};
			name = Release;
		};
/* End XCBuildConfiguration section */

/* Begin XCConfigurationList section */
		2F27FA2E1F1897AE00359321 /* Build configuration list for PBXNativeTarget "DYYSqliteToolTests" */ = {
			isa = XCConfigurationList;
			buildConfigurations = (
				2F27FA2C1F1897AE00359321 /* Debug */,
				2F27FA2D1F1897AE00359321 /* Release */,
			);
			defaultConfigurationIsVisible = 0;
			defaultConfigurationName = Release;
		};
		2F659ED21F176A3900B4FCE2 /* Build configuration list for PBXProject "DYYSqliteTool" */ = {
			isa = XCConfigurationList;
			buildConfigurations = (
				2F659EF71F176A3900B4FCE2 /* Debug */,
				2F659EF81F176A3900B4FCE2 /* Release */,
			);
			defaultConfigurationIsVisible = 0;
			defaultConfigurationName = Release;
		};
		2F659EF91F176A3900B4FCE2 /* Build configuration list for PBXNativeTarget "DYYSqliteTool" */ = {
			isa = XCConfigurationList;
			buildConfigurations = (
				2F659EFA1F176A3900B4FCE2 /* Debug */,
				2F659EFB1F176A3900B4FCE2 /* Release */,
			);
			defaultConfigurationIsVisible = 0;
			defaultConfigurationName = Release;
		};
		2F659EFC1F176A3900B4FCE2 /* Build configuration list for PBXNativeTarget "DYYSqliteToolUITests" */ = {
			isa = XCConfigurationList;
			buildConfigurations = (
				2F659EFD1F176A3900B4FCE2 /* Debug */,
				2F659EFE1F176A3900B4FCE2 /* Release */,
			);
			defaultConfigurationIsVisible = 0;
			defaultConfigurationName = Release;
		};
/* End XCConfigurationList section */
	};
	rootObject = 2F659ECF1F176A3900B4FCE2 /* Project object */;
}
